
Microsoft Visual Studio Solution File, Format Version 12.00
# Visual Studio Version 16
VisualStudioVersion = 16.0.30104.148
MinimumVisualStudioVersion = 10.0.40219.1
Project("{9A19103F-16F7-4668-BE54-9A1E7A4F7556}") = "WorkAndHolidayScraper", "WorkAndHolidayScraper\WorkAndHolidayScraper.csproj", "{929B0DBF-813E-4E1B-B948-402CB8A44CF0}"
EndProject
Project("{FAE04EC0-301F-11D3-BF4B-00C04F79EFBC}") = "WorkAndHolidayScraperTests", "WorkAndHolidayScraperTests\WorkAndHolidayScraperTests.csproj", "{68884BB9-6554-417D-8324-80CF48F02051}"
EndProject
Global
	GlobalSection(SolutionConfigurationPlatforms) = preSolution
		Debug|Any CPU = Debug|Any CPU
		Release|Any CPU = Release|Any CPU
	EndGlobalSection
	GlobalSection(ProjectConfigurationPlatforms) = postSolution
		{929B0DBF-813E-4E1B-B948-402CB8A44CF0}.Debug|Any CPU.ActiveCfg = Debug|Any CPU
		{929B0DBF-813E-4E1B-B948-402CB8A44CF0}.Debug|Any CPU.Build.0 = Debug|Any CPU
		{929B0DBF-813E-4E1B-B948-402CB8A44CF0}.Release|Any CPU.ActiveCfg = Release|Any CPU
		{929B0DBF-813E-4E1B-B948-402CB8A44CF0}.Release|Any CPU.Build.0 = Release|Any CPU
		{68884BB9-6554-417D-8324-80CF48F02051}.Debug|Any CPU.ActiveCfg = Debug|Any CPU
		{68884BB9-6554-417D-8324-80CF48F02051}.Debug|Any CPU.Build.0 = Debug|Any CPU
		{68884BB9-6554-417D-8324-80CF48F02051}.Release|Any CPU.ActiveCfg = Release|Any CPU
		{68884BB9-6554-417D-8324-80CF48F02051}.Release|Any CPU.Build.0 = Release|Any CPU
	EndGlobalSection
	GlobalSection(SolutionProperties) = preSolution
		HideSolutionNode = FALSE
	EndGlobalSection
	GlobalSection(ExtensibilityGlobals) = postSolution
		SolutionGuid = {F9257FFC-AC97-4015-8DBB-9EC572D72F40}
	EndGlobalSection
EndGlobal
